
Microsoft Visual Studio Solution File, Format Version 12.00
# Visual Studio 15
VisualStudioVersion = 15.0.28307.757
MinimumVisualStudioVersion = 10.0.40219.1
Project("{FAE04EC0-301F-11D3-BF4B-00C04F79EFBC}") = "DMHR_DEMO", "DMHR_DEMO\DMHR_DEMO.csproj", "{42E4856D-66B9-41AC-8419-51EFB82B3ADA}"
EndProject
Global
	GlobalSection(SolutionConfigurationPlatforms) = preSolution
		Debug|Any CPU = Debug|Any CPU
		Release|Any CPU = Release|Any CPU
	EndGlobalSection
	GlobalSection(ProjectConfigurationPlatforms) = postSolution
		{42E4856D-66B9-41AC-8419-51EFB82B3ADA}.Debug|Any CPU.ActiveCfg = Debug|Any CPU
		{42E4856D-66B9-41AC-8419-51EFB82B3ADA}.Debug|Any CPU.Build.0 = Debug|Any CPU
		{42E4856D-66B9-41AC-8419-51EFB82B3ADA}.Release|Any CPU.ActiveCfg = Release|Any CPU
		{42E4856D-66B9-41AC-8419-51EFB82B3ADA}.Release|Any CPU.Build.0 = Release|Any CPU
	EndGlobalSection
	GlobalSection(SolutionProperties) = preSolution
		HideSolutionNode = FALSE
	EndGlobalSection
	GlobalSection(ExtensibilityGlobals) = postSolution
		SolutionGuid = {D2C731F0-0A36-4427-9EA0-4BE3C769FCE2}
	EndGlobalSection
EndGlobal
